// !$*UTF8*$!
{
	archiveVersion = 1;
	classes = {
	};
	objectVersion = 56;
	objects = {

/* Begin PBXBuildFile section */
		93AC63902A0A3B3B00E43668 /* AppDelegate.swift in Sources */ = {isa = PBXBuildFile; fileRef = 93AC638F2A0A3B3B00E43668 /* AppDelegate.swift */; };
		93AC63922A0A3B3B00E43668 /* SceneDelegate.swift in Sources */ = {isa = PBXBuildFile; fileRef = 93AC63912A0A3B3B00E43668 /* SceneDelegate.swift */; };
		93AC63942A0A3B3B00E43668 /* UserDetailsViewController.swift in Sources */ = {isa = PBXBuildFile; fileRef = 93AC63932A0A3B3B00E43668 /* UserDetailsViewController.swift */; };
		93AC63972A0A3B3B00E43668 /* Main.storyboard in Resources */ = {isa = PBXBuildFile; fileRef = 93AC63952A0A3B3B00E43668 /* Main.storyboard */; };
		93AC63992A0A3B3D00E43668 /* Assets.xcassets in Resources */ = {isa = PBXBuildFile; fileRef = 93AC63982A0A3B3D00E43668 /* Assets.xcassets */; };
		93AC639C2A0A3B3D00E43668 /* LaunchScreen.storyboard in Resources */ = {isa = PBXBuildFile; fileRef = 93AC639A2A0A3B3D00E43668 /* LaunchScreen.storyboard */; };
		93AC63AD2A0A870900E43668 /* UsersTableViewController.swift in Sources */ = {isa = PBXBuildFile; fileRef = 93AC63AC2A0A870900E43668 /* UsersTableViewController.swift */; };
		93AC63B02A0A87C100E43668 /* UserTableViewCell.swift in Sources */ = {isa = PBXBuildFile; fileRef = 93AC63AF2A0A87C100E43668 /* UserTableViewCell.swift */; };
		93AC63B22A0A88E200E43668 /* NetworkManager.swift in Sources */ = {isa = PBXBuildFile; fileRef = 93AC63B12A0A88E200E43668 /* NetworkManager.swift */; };
		93AC63B52A0A892700E43668 /* User.swift in Sources */ = {isa = PBXBuildFile; fileRef = 93AC63B42A0A892700E43668 /* User.swift */; };
/* End PBXBuildFile section */

/* Begin PBXFileReference section */
		93AC638C2A0A3B3B00E43668 /* RandomUser.app */ = {isa = PBXFileReference; explicitFileType = wrapper.application; includeInIndex = 0; path = RandomUser.app; sourceTree = BUILT_PRODUCTS_DIR; };
		93AC638F2A0A3B3B00E43668 /* AppDelegate.swift */ = {isa = PBXFileReference; lastKnownFileType = sourcecode.swift; path = AppDelegate.swift; sourceTree = "<group>"; };
		93AC63912A0A3B3B00E43668 /* SceneDelegate.swift */ = {isa = PBXFileReference; lastKnownFileType = sourcecode.swift; path = SceneDelegate.swift; sourceTree = "<group>"; };
		93AC63932A0A3B3B00E43668 /* UserDetailsViewController.swift */ = {isa = PBXFileReference; lastKnownFileType = sourcecode.swift; path = UserDetailsViewController.swift; sourceTree = "<group>"; };
		93AC63962A0A3B3B00E43668 /* Base */ = {isa = PBXFileReference; lastKnownFileType = file.storyboard; name = Base; path = Base.lproj/Main.storyboard; sourceTree = "<group>"; };
		93AC63982A0A3B3D00E43668 /* Assets.xcassets */ = {isa = PBXFileReference; lastKnownFileType = folder.assetcatalog; path = Assets.xcassets; sourceTree = "<group>"; };
		93AC639B2A0A3B3D00E43668 /* Base */ = {isa = PBXFileReference; lastKnownFileType = file.storyboard; name = Base; path = Base.lproj/LaunchScreen.storyboard; sourceTree = "<group>"; };
		93AC639D2A0A3B3D00E43668 /* Info.plist */ = {isa = PBXFileReference; lastKnownFileType = text.plist.xml; path = Info.plist; sourceTree = "<group>"; };
		93AC63AC2A0A870900E43668 /* UsersTableViewController.swift */ = {isa = PBXFileReference; lastKnownFileType = sourcecode.swift; path = UsersTableViewController.swift; sourceTree = "<group>"; };
		93AC63AF2A0A87C100E43668 /* UserTableViewCell.swift */ = {isa = PBXFileReference; lastKnownFileType = sourcecode.swift; path = UserTableViewCell.swift; sourceTree = "<group>"; };
		93AC63B12A0A88E200E43668 /* NetworkManager.swift */ = {isa = PBXFileReference; lastKnownFileType = sourcecode.swift; path = NetworkManager.swift; sourceTree = "<group>"; };
		93AC63B42A0A892700E43668 /* User.swift */ = {isa = PBXFileReference; lastKnownFileType = sourcecode.swift; path = User.swift; sourceTree = "<group>"; };
/* End PBXFileReference section */

/* Begin PBXFrameworksBuildPhase section */
		93AC63892A0A3B3B00E43668 /* Frameworks */ = {
			isa = PBXFrameworksBuildPhase;
			buildActionMask = 2147483647;
			files = (
			);
			runOnlyForDeploymentPostprocessing = 0;
		};
/* End PBXFrameworksBuildPhase section */

/* Begin PBXGroup section */
		93AC63832A0A3B3B00E43668 = {
			isa = PBXGroup;
			children = (
				93AC638E2A0A3B3B00E43668 /* RandomUser */,
				93AC638D2A0A3B3B00E43668 /* Products */,
			);
			sourceTree = "<group>";
		};
		93AC638D2A0A3B3B00E43668 /* Products */ = {
			isa = PBXGroup;
			children = (
				93AC638C2A0A3B3B00E43668 /* RandomUser.app */,
			);
			name = Products;
			sourceTree = "<group>";
		};
		93AC638E2A0A3B3B00E43668 /* RandomUser */ = {
			isa = PBXGroup;
			children = (
				93AC63A92A0A7E7200E43668 /* Apps */,
				93AC63AA2A0A7E7E00E43668 /* Services */,
				93AC63B32A0A890B00E43668 /* Models */,
				93AC63AE2A0A879B00E43668 /* Views */,
				93AC63AB2A0A86EE00E43668 /* ViewControllers */,
				93AC63B62A0A893B00E43668 /* Storyboards */,
				93AC63B72A0A896300E43668 /* Resources */,
			);
			path = RandomUser;
			sourceTree = "<group>";
		};
		93AC63A92A0A7E7200E43668 /* Apps */ = {
			isa = PBXGroup;
			children = (
				93AC638F2A0A3B3B00E43668 /* AppDelegate.swift */,
				93AC63912A0A3B3B00E43668 /* SceneDelegate.swift */,
				93AC639D2A0A3B3D00E43668 /* Info.plist */,
			);
			path = Apps;
			sourceTree = "<group>";
		};
		93AC63AA2A0A7E7E00E43668 /* Services */ = {
			isa = PBXGroup;
			children = (
				93AC63B12A0A88E200E43668 /* NetworkManager.swift */,
			);
			path = Services;
			sourceTree = "<group>";
		};
		93AC63AB2A0A86EE00E43668 /* ViewControllers */ = {
			isa = PBXGroup;
			children = (
				93AC63AC2A0A870900E43668 /* UsersTableViewController.swift */,
				93AC63932A0A3B3B00E43668 /* UserDetailsViewController.swift */,
			);
			path = ViewControllers;
			sourceTree = "<group>";
		};
		93AC63AE2A0A879B00E43668 /* Views */ = {
			isa = PBXGroup;
			children = (
				93AC63AF2A0A87C100E43668 /* UserTableViewCell.swift */,
			);
			path = Views;
			sourceTree = "<group>";
		};
		93AC63B32A0A890B00E43668 /* Models */ = {
			isa = PBXGroup;
			children = (
				93AC63B42A0A892700E43668 /* User.swift */,
			);
			path = Models;
			sourceTree = "<group>";
		};
		93AC63B62A0A893B00E43668 /* Storyboards */ = {
			isa = PBXGroup;
			children = (
				93AC63952A0A3B3B00E43668 /* Main.storyboard */,
				93AC639A2A0A3B3D00E43668 /* LaunchScreen.storyboard */,
			);
			path = Storyboards;
			sourceTree = "<group>";
		};
		93AC63B72A0A896300E43668 /* Resources */ = {
			isa = PBXGroup;
			children = (
				93AC63982A0A3B3D00E43668 /* Assets.xcassets */,
			);
			path = Resources;
			sourceTree = "<group>";
		};
/* End PBXGroup section */

/* Begin PBXNativeTarget section */
		93AC638B2A0A3B3B00E43668 /* RandomUser */ = {
			isa = PBXNativeTarget;
			buildConfigurationList = 93AC63A02A0A3B3D00E43668 /* Build configuration list for PBXNativeTarget "RandomUser" */;
			buildPhases = (
				93AC63882A0A3B3B00E43668 /* Sources */,
				93AC63892A0A3B3B00E43668 /* Frameworks */,
				93AC638A2A0A3B3B00E43668 /* Resources */,
			);
			buildRules = (
			);
			dependencies = (
			);
			name = RandomUser;
			productName = RandomUser;
			productReference = 93AC638C2A0A3B3B00E43668 /* RandomUser.app */;
			productType = "com.apple.product-type.application";
		};
/* End PBXNativeTarget section */

/* Begin PBXProject section */
		93AC63842A0A3B3B00E43668 /* Project object */ = {
			isa = PBXProject;
			attributes = {
				BuildIndependentTargetsInParallel = 1;
				LastSwiftUpdateCheck = 1430;
				LastUpgradeCheck = 1430;
				TargetAttributes = {
					93AC638B2A0A3B3B00E43668 = {
						CreatedOnToolsVersion = 14.3;
					};
				};
			};
			buildConfigurationList = 93AC63872A0A3B3B00E43668 /* Build configuration list for PBXProject "RandomUser" */;
			compatibilityVersion = "Xcode 14.0";
			developmentRegion = en;
			hasScannedForEncodings = 0;
			knownRegions = (
				en,
				Base,
			);
			mainGroup = 93AC63832A0A3B3B00E43668;
			productRefGroup = 93AC638D2A0A3B3B00E43668 /* Products */;
			projectDirPath = "";
			projectRoot = "";
			targets = (
				93AC638B2A0A3B3B00E43668 /* RandomUser */,
			);
		};
/* End PBXProject section */

/* Begin PBXResourcesBuildPhase section */
		93AC638A2A0A3B3B00E43668 /* Resources */ = {
			isa = PBXResourcesBuildPhase;
			buildActionMask = 2147483647;
			files = (
				93AC639C2A0A3B3D00E43668 /* LaunchScreen.storyboard in Resources */,
				93AC63992A0A3B3D00E43668 /* Assets.xcassets in Resources */,
				93AC63972A0A3B3B00E43668 /* Main.storyboard in Resources */,
			);
			runOnlyForDeploymentPostprocessing = 0;
		};
/* End PBXResourcesBuildPhase section */

/* Begin PBXSourcesBuildPhase section */
		93AC63882A0A3B3B00E43668 /* Sources */ = {
			isa = PBXSourcesBuildPhase;
			buildActionMask = 2147483647;
			files = (
				93AC63B22A0A88E200E43668 /* NetworkManager.swift in Sources */,
				93AC63942A0A3B3B00E43668 /* UserDetailsViewController.swift in Sources */,
				93AC63902A0A3B3B00E43668 /* AppDelegate.swift in Sources */,
				93AC63AD2A0A870900E43668 /* UsersTableViewController.swift in Sources */,
				93AC63922A0A3B3B00E43668 /* SceneDelegate.swift in Sources */,
				93AC63B02A0A87C100E43668 /* UserTableViewCell.swift in Sources */,
				93AC63B52A0A892700E43668 /* User.swift in Sources */,
			);
			runOnlyForDeploymentPostprocessing = 0;
		};
/* End PBXSourcesBuildPhase section */

/* Begin PBXVariantGroup section */
		93AC63952A0A3B3B00E43668 /* Main.storyboard */ = {
			isa = PBXVariantGroup;
			children = (
				93AC63962A0A3B3B00E43668 /* Base */,
			);
			name = Main.storyboard;
			sourceTree = "<group>";
		};
		93AC639A2A0A3B3D00E43668 /* LaunchScreen.storyboard */ = {
			isa = PBXVariantGroup;
			children = (
				93AC639B2A0A3B3D00E43668 /* Base */,
			);
			name = LaunchScreen.storyboard;
			sourceTree = "<group>";
		};
/* End PBXVariantGroup section */

/* Begin XCBuildConfiguration section */
		93AC639E2A0A3B3D00E43668 /* Debug */ = {
			isa = XCBuildConfiguration;
			buildSettings = {
				ALWAYS_SEARCH_USER_PATHS = NO;
				CLANG_ANALYZER_NONNULL = YES;
				CLANG_ANALYZER_NUMBER_OBJECT_CONVERSION = YES_AGGRESSIVE;
				CLANG_CXX_LANGUAGE_STANDARD = "gnu++20";
				CLANG_ENABLE_MODULES = YES;
				CLANG_ENABLE_OBJC_ARC = YES;
				CLANG_ENABLE_OBJC_WEAK = YES;
				CLANG_WARN_BLOCK_CAPTURE_AUTORELEASING = YES;
				CLANG_WARN_BOOL_CONVERSION = YES;
				CLANG_WARN_COMMA = YES;
				CLANG_WARN_CONSTANT_CONVERSION = YES;
				CLANG_WARN_DEPRECATED_OBJC_IMPLEMENTATIONS = YES;
				CLANG_WARN_DIRECT_OBJC_ISA_USAGE = YES_ERROR;
				CLANG_WARN_DOCUMENTATION_COMMENTS = YES;
				CLANG_WARN_EMPTY_BODY = YES;
				CLANG_WARN_ENUM_CONVERSION = YES;
				CLANG_WARN_INFINITE_RECURSION = YES;
				CLANG_WARN_INT_CONVERSION = YES;
				CLANG_WARN_NON_LITERAL_NULL_CONVERSION = YES;
				CLANG_WARN_OBJC_IMPLICIT_RETAIN_SELF = YES;
				CLANG_WARN_OBJC_LITERAL_CONVERSION = YES;
				CLANG_WARN_OBJC_ROOT_CLASS = YES_ERROR;
				CLANG_WARN_QUOTED_INCLUDE_IN_FRAMEWORK_HEADER = YES;
				CLANG_WARN_RANGE_LOOP_ANALYSIS = YES;
				CLANG_WARN_STRICT_PROTOTYPES = YES;
				CLANG_WARN_SUSPICIOUS_MOVE = YES;
				CLANG_WARN_UNGUARDED_AVAILABILITY = YES_AGGRESSIVE;
				CLANG_WARN_UNREACHABLE_CODE = YES;
				CLANG_WARN__DUPLICATE_METHOD_MATCH = YES;
				COPY_PHASE_STRIP = NO;
				DEBUG_INFORMATION_FORMAT = dwarf;
				ENABLE_STRICT_OBJC_MSGSEND = YES;
				ENABLE_TESTABILITY = YES;
				GCC_C_LANGUAGE_STANDARD = gnu11;
				GCC_DYNAMIC_NO_PIC = NO;
				GCC_NO_COMMON_BLOCKS = YES;
				GCC_OPTIMIZATION_LEVEL = 0;
				GCC_PREPROCESSOR_DEFINITIONS = (
					"DEBUG=1",
					"$(inherited)",
				);
				GCC_WARN_64_TO_32_BIT_CONVERSION = YES;
				GCC_WARN_ABOUT_RETURN_TYPE = YES_ERROR;
				GCC_WARN_UNDECLARED_SELECTOR = YES;
				GCC_WARN_UNINITIALIZED_AUTOS = YES_AGGRESSIVE;
				GCC_WARN_UNUSED_FUNCTION = YES;
				GCC_WARN_UNUSED_VARIABLE = YES;
				IPHONEOS_DEPLOYMENT_TARGET = 16.4;
				MTL_ENABLE_DEBUG_INFO = INCLUDE_SOURCE;
				MTL_FAST_MATH = YES;
				ONLY_ACTIVE_ARCH = YES;
				SDKROOT = iphoneos;
				SWIFT_ACTIVE_COMPILATION_CONDITIONS = DEBUG;
				SWIFT_OPTIMIZATION_LEVEL = "-Onone";
			};
			name = Debug;
		};
		93AC639F2A0A3B3D00E43668 /* Release */ = {
			isa = XCBuildConfiguration;
			buildSettings = {
				ALWAYS_SEARCH_USER_PATHS = NO;
				CLANG_ANALYZER_NONNULL = YES;
				CLANG_ANALYZER_NUMBER_OBJECT_CONVERSION = YES_AGGRESSIVE;
				CLANG_CXX_LANGUAGE_STANDARD = "gnu++20";
				CLANG_ENABLE_MODULES = YES;
				CLANG_ENABLE_OBJC_ARC = YES;
				CLANG_ENABLE_OBJC_WEAK = YES;
				CLANG_WARN_BLOCK_CAPTURE_AUTORELEASING = YES;
				CLANG_WARN_BOOL_CONVERSION = YES;
				CLANG_WARN_COMMA = YES;
				CLANG_WARN_CONSTANT_CONVERSION = YES;
				CLANG_WARN_DEPRECATED_OBJC_IMPLEMENTATIONS = YES;
				CLANG_WARN_DIRECT_OBJC_ISA_USAGE = YES_ERROR;
				CLANG_WARN_DOCUMENTATION_COMMENTS = YES;
				CLANG_WARN_EMPTY_BODY = YES;
				CLANG_WARN_ENUM_CONVERSION = YES;
				CLANG_WARN_INFINITE_RECURSION = YES;
				CLANG_WARN_INT_CONVERSION = YES;
				CLANG_WARN_NON_LITERAL_NULL_CONVERSION = YES;
				CLANG_WARN_OBJC_IMPLICIT_RETAIN_SELF = YES;
				CLANG_WARN_OBJC_LITERAL_CONVERSION = YES;
				CLANG_WARN_OBJC_ROOT_CLASS = YES_ERROR;
				CLANG_WARN_QUOTED_INCLUDE_IN_FRAMEWORK_HEADER = YES;
				CLANG_WARN_RANGE_LOOP_ANALYSIS = YES;
				CLANG_WARN_STRICT_PROTOTYPES = YES;
				CLANG_WARN_SUSPICIOUS_MOVE = YES;
				CLANG_WARN_UNGUARDED_AVAILABILITY = YES_AGGRESSIVE;
				CLANG_WARN_UNREACHABLE_CODE = YES;
				CLANG_WARN__DUPLICATE_METHOD_MATCH = YES;
				COPY_PHASE_STRIP = NO;
				DEBUG_INFORMATION_FORMAT = "dwarf-with-dsym";
				ENABLE_NS_ASSERTIONS = NO;
				ENABLE_STRICT_OBJC_MSGSEND = YES;
				GCC_C_LANGUAGE_STANDARD = gnu11;
				GCC_NO_COMMON_BLOCKS = YES;
				GCC_WARN_64_TO_32_BIT_CONVERSION = YES;
				GCC_WARN_ABOUT_RETURN_TYPE = YES_ERROR;
				GCC_WARN_UNDECLARED_SELECTOR = YES;
				GCC_WARN_UNINITIALIZED_AUTOS = YES_AGGRESSIVE;
				GCC_WARN_UNUSED_FUNCTION = YES;
				GCC_WARN_UNUSED_VARIABLE = YES;
				IPHONEOS_DEPLOYMENT_TARGET = 16.4;
				MTL_ENABLE_DEBUG_INFO = NO;
				MTL_FAST_MATH = YES;
				SDKROOT = iphoneos;
				SWIFT_COMPILATION_MODE = wholemodule;
				SWIFT_OPTIMIZATION_LEVEL = "-O";
				VALIDATE_PRODUCT = YES;
			};
			name = Release;
		};
		93AC63A12A0A3B3D00E43668 /* Debug */ = {
			isa = XCBuildConfiguration;
			buildSettings = {
				ASSETCATALOG_COMPILER_APPICON_NAME = AppIcon;
				ASSETCATALOG_COMPILER_GLOBAL_ACCENT_COLOR_NAME = AccentColor;
				CODE_SIGN_STYLE = Automatic;
				CURRENT_PROJECT_VERSION = 1;
				DEVELOPMENT_TEAM = 7PMP3UQ276;
				GENERATE_INFOPLIST_FILE = YES;
				INFOPLIST_FILE = RandomUser/Apps/Info.plist;
				INFOPLIST_KEY_UIApplicationSupportsIndirectInputEvents = YES;
				INFOPLIST_KEY_UILaunchStoryboardName = LaunchScreen;
				INFOPLIST_KEY_UIMainStoryboardFile = Main;
				INFOPLIST_KEY_UISupportedInterfaceOrientations = UIInterfaceOrientationPortrait;
				INFOPLIST_KEY_UISupportedInterfaceOrientations_iPad = "UIInterfaceOrientationLandscapeLeft UIInterfaceOrientationLandscapeRight UIInterfaceOrientationPortrait UIInterfaceOrientationPortraitUpsideDown";
				LD_RUNPATH_SEARCH_PATHS = (
					"$(inherited)",
					"@executable_path/Frameworks",
				);
				MARKETING_VERSION = 1.0;
				PRODUCT_BUNDLE_IDENTIFIER = com.angelayu.RandomUser;
				PRODUCT_NAME = "$(TARGET_NAME)";
				SUPPORTED_PLATFORMS = "iphoneos iphonesimulator";
				SUPPORTS_MACCATALYST = NO;
				SUPPORTS_MAC_DESIGNED_FOR_IPHONE_IPAD = NO;
				SWIFT_EMIT_LOC_STRINGS = YES;
				SWIFT_VERSION = 5.0;
				TARGETED_DEVICE_FAMILY = 1;
			};
			name = Debug;
		};
		93AC63A22A0A3B3D00E43668 /* Release */ = {
			isa = XCBuildConfiguration;
			buildSettings = {
				ASSETCATALOG_COMPILER_APPICON_NAME = AppIcon;
				ASSETCATALOG_COMPILER_GLOBAL_ACCENT_COLOR_NAME = AccentColor;
				CODE_SIGN_STYLE = Automatic;
				CURRENT_PROJECT_VERSION = 1;
				DEVELOPMENT_TEAM = 7PMP3UQ276;
				GENERATE_INFOPLIST_FILE = YES;
				INFOPLIST_FILE = RandomUser/Apps/Info.plist;
				INFOPLIST_KEY_UIApplicationSupportsIndirectInputEvents = YES;
				INFOPLIST_KEY_UILaunchStoryboardName = LaunchScreen;
				INFOPLIST_KEY_UIMainStoryboardFile = Main;
				INFOPLIST_KEY_UISupportedInterfaceOrientations = UIInterfaceOrientationPortrait;
				INFOPLIST_KEY_UISupportedInterfaceOrientations_iPad = "UIInterfaceOrientationLandscapeLeft UIInterfaceOrientationLandscapeRight UIInterfaceOrientationPortrait UIInterfaceOrientationPortraitUpsideDown";
				LD_RUNPATH_SEARCH_PATHS = (
					"$(inherited)",
					"@executable_path/Frameworks",
				);
				MARKETING_VERSION = 1.0;
				PRODUCT_BUNDLE_IDENTIFIER = com.angelayu.RandomUser;
				PRODUCT_NAME = "$(TARGET_NAME)";
				SUPPORTED_PLATFORMS = "iphoneos iphonesimulator";
				SUPPORTS_MACCATALYST = NO;
				SUPPORTS_MAC_DESIGNED_FOR_IPHONE_IPAD = NO;
				SWIFT_EMIT_LOC_STRINGS = YES;
				SWIFT_VERSION = 5.0;
				TARGETED_DEVICE_FAMILY = 1;
			};
			name = Release;
		};
/* End XCBuildConfiguration section */

/* Begin XCConfigurationList section */
		93AC63872A0A3B3B00E43668 /* Build configuration list for PBXProject "RandomUser" */ = {
			isa = XCConfigurationList;
			buildConfigurations = (
				93AC639E2A0A3B3D00E43668 /* Debug */,
				93AC639F2A0A3B3D00E43668 /* Release */,
			);
			defaultConfigurationIsVisible = 0;
			defaultConfigurationName = Release;
		};
		93AC63A02A0A3B3D00E43668 /* Build configuration list for PBXNativeTarget "RandomUser" */ = {
			isa = XCConfigurationList;
			buildConfigurations = (
				93AC63A12A0A3B3D00E43668 /* Debug */,
				93AC63A22A0A3B3D00E43668 /* Release */,
			);
			defaultConfigurationIsVisible = 0;
			defaultConfigurationName = Release;
		};
/* End XCConfigurationList section */
	};
	rootObject = 93AC63842A0A3B3B00E43668 /* Project object */;
}
